
Microsoft Visual Studio Solution File, Format Version 12.00
# Visual Studio Version 16
VisualStudioVersion = 16.0.29418.71
MinimumVisualStudioVersion = 10.0.40219.1
Project("{FAE04EC0-301F-11D3-BF4B-00C04F79EFBC}") = "ExchangeRate", "ExchangeRate\ExchangeRate.csproj", "{A4BC6577-FD48-4C9E-9EC4-0DF5E9342AD0}"
EndProject
Project("{FAE04EC0-301F-11D3-BF4B-00C04F79EFBC}") = "Exchange.Private", "Exchange.Private\Exchange.Private.csproj", "{19A46B33-6A22-4521-BB94-12D1904A0B98}"
EndProject
Project("{FAE04EC0-301F-11D3-BF4B-00C04F79EFBC}") = "Exchange.Test", "Exchange.Test\Exchange.Test.csproj", "{DA004C58-4AE5-4862-BA2F-27419B60325E}"
EndProject
Global
	GlobalSection(SolutionConfigurationPlatforms) = preSolution
		Debug|Any CPU = Debug|Any CPU
		Release|Any CPU = Release|Any CPU
	EndGlobalSection
	GlobalSection(ProjectConfigurationPlatforms) = postSolution
		{A4BC6577-FD48-4C9E-9EC4-0DF5E9342AD0}.Debug|Any CPU.ActiveCfg = Debug|Any CPU
		{A4BC6577-FD48-4C9E-9EC4-0DF5E9342AD0}.Debug|Any CPU.Build.0 = Debug|Any CPU
		{A4BC6577-FD48-4C9E-9EC4-0DF5E9342AD0}.Release|Any CPU.ActiveCfg = Release|Any CPU
		{A4BC6577-FD48-4C9E-9EC4-0DF5E9342AD0}.Release|Any CPU.Build.0 = Release|Any CPU
		{19A46B33-6A22-4521-BB94-12D1904A0B98}.Debug|Any CPU.ActiveCfg = Debug|Any CPU
		{19A46B33-6A22-4521-BB94-12D1904A0B98}.Debug|Any CPU.Build.0 = Debug|Any CPU
		{19A46B33-6A22-4521-BB94-12D1904A0B98}.Release|Any CPU.ActiveCfg = Release|Any CPU
		{19A46B33-6A22-4521-BB94-12D1904A0B98}.Release|Any CPU.Build.0 = Release|Any CPU
		{DA004C58-4AE5-4862-BA2F-27419B60325E}.Debug|Any CPU.ActiveCfg = Debug|Any CPU
		{DA004C58-4AE5-4862-BA2F-27419B60325E}.Debug|Any CPU.Build.0 = Debug|Any CPU
		{DA004C58-4AE5-4862-BA2F-27419B60325E}.Release|Any CPU.ActiveCfg = Release|Any CPU
		{DA004C58-4AE5-4862-BA2F-27419B60325E}.Release|Any CPU.Build.0 = Release|Any CPU
	EndGlobalSection
	GlobalSection(SolutionProperties) = preSolution
		HideSolutionNode = FALSE
	EndGlobalSection
	GlobalSection(ExtensibilityGlobals) = postSolution
		SolutionGuid = {9E016B8B-B7B9-4889-872F-D4175B12C741}
	EndGlobalSection
EndGlobal
